
Microsoft Visual Studio Solution File, Format Version 12.00
# Visual Studio 14
VisualStudioVersion = 14.0.25123.0
MinimumVisualStudioVersion = 10.0.40219.1
Project("{9092AA53-FB77-4645-B42D-1CCCA6BD08BD}") = "smelink-chat-server", "smelink-chat-server.njsproj", "{C6C3E076-A8F1-4C6B-B0DA-B2A41071E8C6}"
EndProject
Global
	GlobalSection(SolutionConfigurationPlatforms) = preSolution
		Debug|Any CPU = Debug|Any CPU
		Release|Any CPU = Release|Any CPU
	EndGlobalSection
	GlobalSection(ProjectConfigurationPlatforms) = postSolution
		{C6C3E076-A8F1-4C6B-B0DA-B2A41071E8C6}.Debug|Any CPU.ActiveCfg = Debug|Any CPU
		{C6C3E076-A8F1-4C6B-B0DA-B2A41071E8C6}.Debug|Any CPU.Build.0 = Debug|Any CPU
		{C6C3E076-A8F1-4C6B-B0DA-B2A41071E8C6}.Release|Any CPU.ActiveCfg = Release|Any CPU
		{C6C3E076-A8F1-4C6B-B0DA-B2A41071E8C6}.Release|Any CPU.Build.0 = Release|Any CPU
	EndGlobalSection
	GlobalSection(SolutionProperties) = preSolution
		HideSolutionNode = FALSE
	EndGlobalSection
EndGlobal
