
Microsoft Visual Studio Solution File, Format Version 12.00
# Visual Studio 14
VisualStudioVersion = 14.0.24720.0
MinimumVisualStudioVersion = 10.0.40219.1
Project("{262852C6-CD72-467D-83FE-5EEB1973A190}") = "chitchat.cordova", "..\chitchat-ios\ChitChat_cordova\chitchat.cordova.jsproj", "{FCFD7EDE-B9A9-437E-B768-901AFAF27BED}"
EndProject
Project("{9092AA53-FB77-4645-B42D-1CCCA6BD08BD}") = "stalk-restapi", "..\stalk-rest\stalk-restapi.njsproj", "{8DE8E7BF-26A6-4063-8913-AEBDB1A38F8E}"
EndProject
Project("{9092AA53-FB77-4645-B42D-1CCCA6BD08BD}") = "stalk-node-server", "stalk-node-server.njsproj", "{81C27F25-B7DA-4F29-9760-050317477DE8}"
EndProject
Global
	GlobalSection(SolutionConfigurationPlatforms) = preSolution
		Debug|Android = Debug|Android
		Debug|Any CPU = Debug|Any CPU
		Debug|iOS = Debug|iOS
		Debug|Windows Phone (Universal) = Debug|Windows Phone (Universal)
		Debug|Windows Phone 8 = Debug|Windows Phone 8
		Debug|Windows-AnyCPU = Debug|Windows-AnyCPU
		Debug|Windows-ARM = Debug|Windows-ARM
		Debug|Windows-x64 = Debug|Windows-x64
		Debug|Windows-x86 = Debug|Windows-x86
		Release|Android = Release|Android
		Release|Any CPU = Release|Any CPU
		Release|iOS = Release|iOS
		Release|Windows Phone (Universal) = Release|Windows Phone (Universal)
		Release|Windows Phone 8 = Release|Windows Phone 8
		Release|Windows-AnyCPU = Release|Windows-AnyCPU
		Release|Windows-ARM = Release|Windows-ARM
		Release|Windows-x64 = Release|Windows-x64
		Release|Windows-x86 = Release|Windows-x86
	EndGlobalSection
	GlobalSection(ProjectConfigurationPlatforms) = postSolution
		{FCFD7EDE-B9A9-437E-B768-901AFAF27BED}.Debug|Android.ActiveCfg = Debug|Android
		{FCFD7EDE-B9A9-437E-B768-901AFAF27BED}.Debug|Android.Build.0 = Debug|Android
		{FCFD7EDE-B9A9-437E-B768-901AFAF27BED}.Debug|Android.Deploy.0 = Debug|Android
		{FCFD7EDE-B9A9-437E-B768-901AFAF27BED}.Debug|Any CPU.ActiveCfg = Debug|Android
		{FCFD7EDE-B9A9-437E-B768-901AFAF27BED}.Debug|iOS.ActiveCfg = Debug|iOS
		{FCFD7EDE-B9A9-437E-B768-901AFAF27BED}.Debug|iOS.Build.0 = Debug|iOS
		{FCFD7EDE-B9A9-437E-B768-901AFAF27BED}.Debug|iOS.Deploy.0 = Debug|iOS
		{FCFD7EDE-B9A9-437E-B768-901AFAF27BED}.Debug|Windows Phone (Universal).ActiveCfg = Debug|Windows Phone (Universal)
		{FCFD7EDE-B9A9-437E-B768-901AFAF27BED}.Debug|Windows Phone (Universal).Build.0 = Debug|Windows Phone (Universal)
		{FCFD7EDE-B9A9-437E-B768-901AFAF27BED}.Debug|Windows Phone (Universal).Deploy.0 = Debug|Windows Phone (Universal)
		{FCFD7EDE-B9A9-437E-B768-901AFAF27BED}.Debug|Windows Phone 8.ActiveCfg = Debug|Windows Phone 8
		{FCFD7EDE-B9A9-437E-B768-901AFAF27BED}.Debug|Windows Phone 8.Build.0 = Debug|Windows Phone 8
		{FCFD7EDE-B9A9-437E-B768-901AFAF27BED}.Debug|Windows Phone 8.Deploy.0 = Debug|Windows Phone 8
		{FCFD7EDE-B9A9-437E-B768-901AFAF27BED}.Debug|Windows-AnyCPU.ActiveCfg = Debug|Windows-AnyCPU
		{FCFD7EDE-B9A9-437E-B768-901AFAF27BED}.Debug|Windows-AnyCPU.Build.0 = Debug|Windows-AnyCPU
		{FCFD7EDE-B9A9-437E-B768-901AFAF27BED}.Debug|Windows-AnyCPU.Deploy.0 = Debug|Windows-AnyCPU
		{FCFD7EDE-B9A9-437E-B768-901AFAF27BED}.Debug|Windows-ARM.ActiveCfg = Debug|Windows-ARM
		{FCFD7EDE-B9A9-437E-B768-901AFAF27BED}.Debug|Windows-ARM.Build.0 = Debug|Windows-ARM
		{FCFD7EDE-B9A9-437E-B768-901AFAF27BED}.Debug|Windows-ARM.Deploy.0 = Debug|Windows-ARM
		{FCFD7EDE-B9A9-437E-B768-901AFAF27BED}.Debug|Windows-x64.ActiveCfg = Debug|Windows-x64
		{FCFD7EDE-B9A9-437E-B768-901AFAF27BED}.Debug|Windows-x64.Build.0 = Debug|Windows-x64
		{FCFD7EDE-B9A9-437E-B768-901AFAF27BED}.Debug|Windows-x64.Deploy.0 = Debug|Windows-x64
		{FCFD7EDE-B9A9-437E-B768-901AFAF27BED}.Debug|Windows-x86.ActiveCfg = Debug|Windows-x86
		{FCFD7EDE-B9A9-437E-B768-901AFAF27BED}.Debug|Windows-x86.Build.0 = Debug|Windows-x86
		{FCFD7EDE-B9A9-437E-B768-901AFAF27BED}.Debug|Windows-x86.Deploy.0 = Debug|Windows-x86
		{FCFD7EDE-B9A9-437E-B768-901AFAF27BED}.Release|Android.ActiveCfg = Release|Android
		{FCFD7EDE-B9A9-437E-B768-901AFAF27BED}.Release|Android.Build.0 = Release|Android
		{FCFD7EDE-B9A9-437E-B768-901AFAF27BED}.Release|Android.Deploy.0 = Release|Android
		{FCFD7EDE-B9A9-437E-B768-901AFAF27BED}.Release|Any CPU.ActiveCfg = Release|Android
		{FCFD7EDE-B9A9-437E-B768-901AFAF27BED}.Release|iOS.ActiveCfg = Release|iOS
		{FCFD7EDE-B9A9-437E-B768-901AFAF27BED}.Release|iOS.Build.0 = Release|iOS
		{FCFD7EDE-B9A9-437E-B768-901AFAF27BED}.Release|iOS.Deploy.0 = Release|iOS
		{FCFD7EDE-B9A9-437E-B768-901AFAF27BED}.Release|Windows Phone (Universal).ActiveCfg = Release|Windows Phone (Universal)
		{FCFD7EDE-B9A9-437E-B768-901AFAF27BED}.Release|Windows Phone (Universal).Build.0 = Release|Windows Phone (Universal)
		{FCFD7EDE-B9A9-437E-B768-901AFAF27BED}.Release|Windows Phone (Universal).Deploy.0 = Release|Windows Phone (Universal)
		{FCFD7EDE-B9A9-437E-B768-901AFAF27BED}.Release|Windows Phone 8.ActiveCfg = Release|Windows Phone 8
		{FCFD7EDE-B9A9-437E-B768-901AFAF27BED}.Release|Windows Phone 8.Build.0 = Release|Windows Phone 8
		{FCFD7EDE-B9A9-437E-B768-901AFAF27BED}.Release|Windows Phone 8.Deploy.0 = Release|Windows Phone 8
		{FCFD7EDE-B9A9-437E-B768-901AFAF27BED}.Release|Windows-AnyCPU.ActiveCfg = Release|Windows-AnyCPU
		{FCFD7EDE-B9A9-437E-B768-901AFAF27BED}.Release|Windows-AnyCPU.Build.0 = Release|Windows-AnyCPU
		{FCFD7EDE-B9A9-437E-B768-901AFAF27BED}.Release|Windows-AnyCPU.Deploy.0 = Release|Windows-AnyCPU
		{FCFD7EDE-B9A9-437E-B768-901AFAF27BED}.Release|Windows-ARM.ActiveCfg = Release|Windows-ARM
		{FCFD7EDE-B9A9-437E-B768-901AFAF27BED}.Release|Windows-ARM.Build.0 = Release|Windows-ARM
		{FCFD7EDE-B9A9-437E-B768-901AFAF27BED}.Release|Windows-ARM.Deploy.0 = Release|Windows-ARM
		{FCFD7EDE-B9A9-437E-B768-901AFAF27BED}.Release|Windows-x64.ActiveCfg = Release|Windows-x64
		{FCFD7EDE-B9A9-437E-B768-901AFAF27BED}.Release|Windows-x64.Build.0 = Release|Windows-x64
		{FCFD7EDE-B9A9-437E-B768-901AFAF27BED}.Release|Windows-x64.Deploy.0 = Release|Windows-x64
		{FCFD7EDE-B9A9-437E-B768-901AFAF27BED}.Release|Windows-x86.ActiveCfg = Release|Windows-x86
		{FCFD7EDE-B9A9-437E-B768-901AFAF27BED}.Release|Windows-x86.Build.0 = Release|Windows-x86
		{FCFD7EDE-B9A9-437E-B768-901AFAF27BED}.Release|Windows-x86.Deploy.0 = Release|Windows-x86
		{8DE8E7BF-26A6-4063-8913-AEBDB1A38F8E}.Debug|Android.ActiveCfg = Debug|Any CPU
		{8DE8E7BF-26A6-4063-8913-AEBDB1A38F8E}.Debug|Android.Build.0 = Debug|Any CPU
		{8DE8E7BF-26A6-4063-8913-AEBDB1A38F8E}.Debug|Any CPU.ActiveCfg = Debug|Any CPU
		{8DE8E7BF-26A6-4063-8913-AEBDB1A38F8E}.Debug|Any CPU.Build.0 = Debug|Any CPU
		{8DE8E7BF-26A6-4063-8913-AEBDB1A38F8E}.Debug|iOS.ActiveCfg = Debug|Any CPU
		{8DE8E7BF-26A6-4063-8913-AEBDB1A38F8E}.Debug|iOS.Build.0 = Debug|Any CPU
		{8DE8E7BF-26A6-4063-8913-AEBDB1A38F8E}.Debug|Windows Phone (Universal).ActiveCfg = Debug|Any CPU
		{8DE8E7BF-26A6-4063-8913-AEBDB1A38F8E}.Debug|Windows Phone (Universal).Build.0 = Debug|Any CPU
		{8DE8E7BF-26A6-4063-8913-AEBDB1A38F8E}.Debug|Windows Phone 8.ActiveCfg = Debug|Any CPU
		{8DE8E7BF-26A6-4063-8913-AEBDB1A38F8E}.Debug|Windows Phone 8.Build.0 = Debug|Any CPU
		{8DE8E7BF-26A6-4063-8913-AEBDB1A38F8E}.Debug|Windows-AnyCPU.ActiveCfg = Debug|Any CPU
		{8DE8E7BF-26A6-4063-8913-AEBDB1A38F8E}.Debug|Windows-AnyCPU.Build.0 = Debug|Any CPU
		{8DE8E7BF-26A6-4063-8913-AEBDB1A38F8E}.Debug|Windows-ARM.ActiveCfg = Debug|Any CPU
		{8DE8E7BF-26A6-4063-8913-AEBDB1A38F8E}.Debug|Windows-ARM.Build.0 = Debug|Any CPU
		{8DE8E7BF-26A6-4063-8913-AEBDB1A38F8E}.Debug|Windows-x64.ActiveCfg = Debug|Any CPU
		{8DE8E7BF-26A6-4063-8913-AEBDB1A38F8E}.Debug|Windows-x64.Build.0 = Debug|Any CPU
		{8DE8E7BF-26A6-4063-8913-AEBDB1A38F8E}.Debug|Windows-x86.ActiveCfg = Debug|Any CPU
		{8DE8E7BF-26A6-4063-8913-AEBDB1A38F8E}.Debug|Windows-x86.Build.0 = Debug|Any CPU
		{8DE8E7BF-26A6-4063-8913-AEBDB1A38F8E}.Release|Android.ActiveCfg = Release|Any CPU
		{8DE8E7BF-26A6-4063-8913-AEBDB1A38F8E}.Release|Android.Build.0 = Release|Any CPU
		{8DE8E7BF-26A6-4063-8913-AEBDB1A38F8E}.Release|Any CPU.ActiveCfg = Release|Any CPU
		{8DE8E7BF-26A6-4063-8913-AEBDB1A38F8E}.Release|Any CPU.Build.0 = Release|Any CPU
		{8DE8E7BF-26A6-4063-8913-AEBDB1A38F8E}.Release|iOS.ActiveCfg = Release|Any CPU
		{8DE8E7BF-26A6-4063-8913-AEBDB1A38F8E}.Release|iOS.Build.0 = Release|Any CPU
		{8DE8E7BF-26A6-4063-8913-AEBDB1A38F8E}.Release|Windows Phone (Universal).ActiveCfg = Release|Any CPU
		{8DE8E7BF-26A6-4063-8913-AEBDB1A38F8E}.Release|Windows Phone (Universal).Build.0 = Release|Any CPU
		{8DE8E7BF-26A6-4063-8913-AEBDB1A38F8E}.Release|Windows Phone 8.ActiveCfg = Release|Any CPU
		{8DE8E7BF-26A6-4063-8913-AEBDB1A38F8E}.Release|Windows Phone 8.Build.0 = Release|Any CPU
		{8DE8E7BF-26A6-4063-8913-AEBDB1A38F8E}.Release|Windows-AnyCPU.ActiveCfg = Release|Any CPU
		{8DE8E7BF-26A6-4063-8913-AEBDB1A38F8E}.Release|Windows-AnyCPU.Build.0 = Release|Any CPU
		{8DE8E7BF-26A6-4063-8913-AEBDB1A38F8E}.Release|Windows-ARM.ActiveCfg = Release|Any CPU
		{8DE8E7BF-26A6-4063-8913-AEBDB1A38F8E}.Release|Windows-ARM.Build.0 = Release|Any CPU
		{8DE8E7BF-26A6-4063-8913-AEBDB1A38F8E}.Release|Windows-x64.ActiveCfg = Release|Any CPU
		{8DE8E7BF-26A6-4063-8913-AEBDB1A38F8E}.Release|Windows-x64.Build.0 = Release|Any CPU
		{8DE8E7BF-26A6-4063-8913-AEBDB1A38F8E}.Release|Windows-x86.ActiveCfg = Release|Any CPU
		{8DE8E7BF-26A6-4063-8913-AEBDB1A38F8E}.Release|Windows-x86.Build.0 = Release|Any CPU
		{81C27F25-B7DA-4F29-9760-050317477DE8}.Debug|Android.ActiveCfg = Debug|Any CPU
		{81C27F25-B7DA-4F29-9760-050317477DE8}.Debug|Android.Build.0 = Debug|Any CPU
		{81C27F25-B7DA-4F29-9760-050317477DE8}.Debug|Any CPU.ActiveCfg = Debug|Any CPU
		{81C27F25-B7DA-4F29-9760-050317477DE8}.Debug|Any CPU.Build.0 = Debug|Any CPU
		{81C27F25-B7DA-4F29-9760-050317477DE8}.Debug|iOS.ActiveCfg = Debug|Any CPU
		{81C27F25-B7DA-4F29-9760-050317477DE8}.Debug|iOS.Build.0 = Debug|Any CPU
		{81C27F25-B7DA-4F29-9760-050317477DE8}.Debug|Windows Phone (Universal).ActiveCfg = Debug|Any CPU
		{81C27F25-B7DA-4F29-9760-050317477DE8}.Debug|Windows Phone (Universal).Build.0 = Debug|Any CPU
		{81C27F25-B7DA-4F29-9760-050317477DE8}.Debug|Windows Phone 8.ActiveCfg = Debug|Any CPU
		{81C27F25-B7DA-4F29-9760-050317477DE8}.Debug|Windows Phone 8.Build.0 = Debug|Any CPU
		{81C27F25-B7DA-4F29-9760-050317477DE8}.Debug|Windows-AnyCPU.ActiveCfg = Debug|Any CPU
		{81C27F25-B7DA-4F29-9760-050317477DE8}.Debug|Windows-AnyCPU.Build.0 = Debug|Any CPU
		{81C27F25-B7DA-4F29-9760-050317477DE8}.Debug|Windows-ARM.ActiveCfg = Debug|Any CPU
		{81C27F25-B7DA-4F29-9760-050317477DE8}.Debug|Windows-ARM.Build.0 = Debug|Any CPU
		{81C27F25-B7DA-4F29-9760-050317477DE8}.Debug|Windows-x64.ActiveCfg = Debug|Any CPU
		{81C27F25-B7DA-4F29-9760-050317477DE8}.Debug|Windows-x64.Build.0 = Debug|Any CPU
		{81C27F25-B7DA-4F29-9760-050317477DE8}.Debug|Windows-x86.ActiveCfg = Debug|Any CPU
		{81C27F25-B7DA-4F29-9760-050317477DE8}.Debug|Windows-x86.Build.0 = Debug|Any CPU
		{81C27F25-B7DA-4F29-9760-050317477DE8}.Release|Android.ActiveCfg = Release|Any CPU
		{81C27F25-B7DA-4F29-9760-050317477DE8}.Release|Android.Build.0 = Release|Any CPU
		{81C27F25-B7DA-4F29-9760-050317477DE8}.Release|Any CPU.ActiveCfg = Release|Any CPU
		{81C27F25-B7DA-4F29-9760-050317477DE8}.Release|Any CPU.Build.0 = Release|Any CPU
		{81C27F25-B7DA-4F29-9760-050317477DE8}.Release|iOS.ActiveCfg = Release|Any CPU
		{81C27F25-B7DA-4F29-9760-050317477DE8}.Release|iOS.Build.0 = Release|Any CPU
		{81C27F25-B7DA-4F29-9760-050317477DE8}.Release|Windows Phone (Universal).ActiveCfg = Release|Any CPU
		{81C27F25-B7DA-4F29-9760-050317477DE8}.Release|Windows Phone (Universal).Build.0 = Release|Any CPU
		{81C27F25-B7DA-4F29-9760-050317477DE8}.Release|Windows Phone 8.ActiveCfg = Release|Any CPU
		{81C27F25-B7DA-4F29-9760-050317477DE8}.Release|Windows Phone 8.Build.0 = Release|Any CPU
		{81C27F25-B7DA-4F29-9760-050317477DE8}.Release|Windows-AnyCPU.ActiveCfg = Release|Any CPU
		{81C27F25-B7DA-4F29-9760-050317477DE8}.Release|Windows-AnyCPU.Build.0 = Release|Any CPU
		{81C27F25-B7DA-4F29-9760-050317477DE8}.Release|Windows-ARM.ActiveCfg = Release|Any CPU
		{81C27F25-B7DA-4F29-9760-050317477DE8}.Release|Windows-ARM.Build.0 = Release|Any CPU
		{81C27F25-B7DA-4F29-9760-050317477DE8}.Release|Windows-x64.ActiveCfg = Release|Any CPU
		{81C27F25-B7DA-4F29-9760-050317477DE8}.Release|Windows-x64.Build.0 = Release|Any CPU
		{81C27F25-B7DA-4F29-9760-050317477DE8}.Release|Windows-x86.ActiveCfg = Release|Any CPU
		{81C27F25-B7DA-4F29-9760-050317477DE8}.Release|Windows-x86.Build.0 = Release|Any CPU
	EndGlobalSection
	GlobalSection(SolutionProperties) = preSolution
		HideSolutionNode = FALSE
	EndGlobalSection
EndGlobal
